
Microsoft Visual Studio Solution File, Format Version 12.00
# Visual Studio 2013
VisualStudioVersion = 12.0.40629.0
MinimumVisualStudioVersion = 10.0.40219.1
Project("{FAE04EC0-301F-11D3-BF4B-00C04F79EFBC}") = "SDA_ExtensionBoxController", "SDA_ExtensionBoxController\SDA_ExtensionBoxController.csproj", "{420D3FAB-7A48-43ED-BED7-5E8288C90578}"
EndProject
Project("{FAE04EC0-301F-11D3-BF4B-00C04F79EFBC}") = "Agilent_ExtensionBox", "Agilent_ExtensionBox\Agilent_ExtensionBox.csproj", "{0D6DAEE4-591C-475C-84B8-91326698926F}"
EndProject
Project("{FAE04EC0-301F-11D3-BF4B-00C04F79EFBC}") = "Keithley2430", "Keithley2430\Keithley2430.csproj", "{9FC59C48-CA2C-4FC8-8975-7E430AC2C5F0}"
EndProject
Project("{FAE04EC0-301F-11D3-BF4B-00C04F79EFBC}") = "DeviceIO", "DeviceIO\DeviceIO.csproj", "{74877D78-FE9B-4FAF-A9E5-5503D6021577}"
EndProject
Project("{FAE04EC0-301F-11D3-BF4B-00C04F79EFBC}") = "Keithley24xx", "Keithley24xx\Keithley24xx.csproj", "{B131651F-BAE3-4A76-9B61-70D810852A69}"
EndProject
Project("{FAE04EC0-301F-11D3-BF4B-00C04F79EFBC}") = "Keithley26xx", "Keithley26xx\Keithley26xx.csproj", "{61C7F3BE-15B1-4445-8367-90331C7F47FD}"
EndProject
Project("{FAE04EC0-301F-11D3-BF4B-00C04F79EFBC}") = "MCS_Faulhaber", "MCS_Faulhaber\MCS_Faulhaber.csproj", "{B6A1C81F-96BB-475E-908B-E9F0AE84AAB2}"
EndProject
Project("{FAE04EC0-301F-11D3-BF4B-00C04F79EFBC}") = "SourceMeterUnit", "SourceMeterUnit\SourceMeterUnit.csproj", "{CE69E0EE-2E6C-4F3D-B29A-A9A82FB13D00}"
EndProject
Project("{FAE04EC0-301F-11D3-BF4B-00C04F79EFBC}") = "MotionManager", "MotionManager\MotionManager.csproj", "{F6BEF88A-F790-4BC7-ACF1-5EAF0C211791}"
EndProject
Project("{FAE04EC0-301F-11D3-BF4B-00C04F79EFBC}") = "ExperimentController", "ExperimentController\ExperimentController.csproj", "{811A09B5-6590-46AF-BFA6-6A1616FE3F51}"
EndProject
Project("{FAE04EC0-301F-11D3-BF4B-00C04F79EFBC}") = "MCBJ", "MCBJ\MCBJ.csproj", "{4AB62377-487B-44D0-8AC4-46BADD78C873}"
EndProject
Project("{FAE04EC0-301F-11D3-BF4B-00C04F79EFBC}") = "FileIOController", "FileIOController\FileIOController.csproj", "{DAD1749F-3633-45E8-BC7D-D56A63450F65}"
EndProject
Project("{FAE04EC0-301F-11D3-BF4B-00C04F79EFBC}") = "NoiseMeasurement", "NoiseMeasurement\NoiseMeasurement.csproj", "{9FDC67B7-A355-4D9D-83CD-187E9FE0D6E5}"
EndProject
Project("{FAE04EC0-301F-11D3-BF4B-00C04F79EFBC}") = "D3HighPerformanceODS", "D3HighPerformanceODS\D3HighPerformanceODS.csproj", "{CC2EC958-4F1F-4612-8FD8-5CB31AA1CFC5}"
EndProject
Project("{FAE04EC0-301F-11D3-BF4B-00C04F79EFBC}") = "D3Helper", "D3Helper\D3Helper.csproj", "{08A28CF7-E060-48E3-BC2E-F9E29FE89358}"
EndProject
Project("{FAE04EC0-301F-11D3-BF4B-00C04F79EFBC}") = "IneltaMotorPotentiometer", "IneltaMotorPotentiometer\IneltaMotorPotentiometer.csproj", "{46F0DD56-49E3-47A6-84EF-9EAB44609CB0}"
EndProject
Project("{FAE04EC0-301F-11D3-BF4B-00C04F79EFBC}") = "VoltageApply", "VoltageApply\VoltageApply.csproj", "{673A29D6-6180-472B-906C-47C1386D8A9C}"
EndProject
Project("{FAE04EC0-301F-11D3-BF4B-00C04F79EFBC}") = "FET Characterization", "FET Characterization\FET Characterization.csproj", "{198DE571-4337-4792-9AA3-4A9DE04F70D5}"
EndProject
Project("{FAE04EC0-301F-11D3-BF4B-00C04F79EFBC}") = "SpectralAnalysis", "SpectralAnalysis\SpectralAnalysis.csproj", "{1FCBC722-6805-4CAB-B58B-1AD1FC8F3B55}"
EndProject
Project("{FAE04EC0-301F-11D3-BF4B-00C04F79EFBC}") = "ForTests", "ForTests\ForTests.csproj", "{163424D9-8A52-430E-9D68-AE4475495ACC}"
EndProject
Project("{FAE04EC0-301F-11D3-BF4B-00C04F79EFBC}") = "AcquisitionTest", "AcquisitionTest\AcquisitionTest.csproj", "{011B1D0B-05E4-4A79-A097-23E31A06D93A}"
EndProject
Project("{FAE04EC0-301F-11D3-BF4B-00C04F79EFBC}") = "FETNoiseStarter", "FETNoiseStarter\FETNoiseStarter.csproj", "{2A8B3445-F77B-42E4-82DD-C3C9B54F311B}"
EndProject
Project("{FAE04EC0-301F-11D3-BF4B-00C04F79EFBC}") = "MCBJNoiseStarter", "MCBJNoiseStarter\MCBJNoiseStarter.csproj", "{FA68AAD8-87CF-4A83-9598-406EA8385C37}"
EndProject
Project("{2150E333-8FDC-42A3-9474-1A3956D46DE8}") = "CustomUIControls", "CustomUIControls", "{C97C7A42-DEF1-469A-9B57-C2DE42BCD133}"
EndProject
Project("{FAE04EC0-301F-11D3-BF4B-00C04F79EFBC}") = "ControlAssist", "ControlAssist\ControlAssist.csproj", "{4F265752-D0C3-408B-B26F-4A08BD13E24D}"
EndProject
Project("{FAE04EC0-301F-11D3-BF4B-00C04F79EFBC}") = "CustomControls", "CustomControls\CustomControls.csproj", "{2AFBA55D-3F2E-469F-B299-C8E47373EFC7}"
EndProject
Project("{FAE04EC0-301F-11D3-BF4B-00C04F79EFBC}") = "MCBJUI", "MCBJUI\MCBJUI.csproj", "{0E46E2F1-3F41-4CB9-9E63-FBFD268B934E}"
EndProject
Project("{2150E333-8FDC-42A3-9474-1A3956D46DE8}") = "InstrumentDrivers", "InstrumentDrivers", "{8E601E2F-1475-4FBC-AB21-E420D2C2BF64}"
EndProject
Project("{FAE04EC0-301F-11D3-BF4B-00C04F79EFBC}") = "FETUI", "FETUI\FETUI.csproj", "{0A642A08-707C-4937-975C-DC1B17667190}"
EndProject
Global
	GlobalSection(SolutionConfigurationPlatforms) = preSolution
		Debug|Any CPU = Debug|Any CPU
		Debug|Mixed Platforms = Debug|Mixed Platforms
		Debug|x64 = Debug|x64
		Debug|x86 = Debug|x86
		Release|Any CPU = Release|Any CPU
		Release|Mixed Platforms = Release|Mixed Platforms
		Release|x64 = Release|x64
		Release|x86 = Release|x86
	EndGlobalSection
	GlobalSection(ProjectConfigurationPlatforms) = postSolution
		{420D3FAB-7A48-43ED-BED7-5E8288C90578}.Debug|Any CPU.ActiveCfg = Debug|x86
		{420D3FAB-7A48-43ED-BED7-5E8288C90578}.Debug|Any CPU.Build.0 = Debug|x86
		{420D3FAB-7A48-43ED-BED7-5E8288C90578}.Debug|Mixed Platforms.ActiveCfg = Debug|Any CPU
		{420D3FAB-7A48-43ED-BED7-5E8288C90578}.Debug|Mixed Platforms.Build.0 = Debug|Any CPU
		{420D3FAB-7A48-43ED-BED7-5E8288C90578}.Debug|x64.ActiveCfg = Debug|Any CPU
		{420D3FAB-7A48-43ED-BED7-5E8288C90578}.Debug|x86.ActiveCfg = Debug|Any CPU
		{420D3FAB-7A48-43ED-BED7-5E8288C90578}.Debug|x86.Build.0 = Debug|Any CPU
		{420D3FAB-7A48-43ED-BED7-5E8288C90578}.Release|Any CPU.ActiveCfg = Release|Any CPU
		{420D3FAB-7A48-43ED-BED7-5E8288C90578}.Release|Any CPU.Build.0 = Release|Any CPU
		{420D3FAB-7A48-43ED-BED7-5E8288C90578}.Release|Mixed Platforms.ActiveCfg = Release|Any CPU
		{420D3FAB-7A48-43ED-BED7-5E8288C90578}.Release|Mixed Platforms.Build.0 = Release|Any CPU
		{420D3FAB-7A48-43ED-BED7-5E8288C90578}.Release|x64.ActiveCfg = Release|Any CPU
		{420D3FAB-7A48-43ED-BED7-5E8288C90578}.Release|x86.ActiveCfg = Release|Any CPU
		{420D3FAB-7A48-43ED-BED7-5E8288C90578}.Release|x86.Build.0 = Release|Any CPU
		{0D6DAEE4-591C-475C-84B8-91326698926F}.Debug|Any CPU.ActiveCfg = Debug|x86
		{0D6DAEE4-591C-475C-84B8-91326698926F}.Debug|Any CPU.Build.0 = Debug|x86
		{0D6DAEE4-591C-475C-84B8-91326698926F}.Debug|Mixed Platforms.ActiveCfg = Debug|x86
		{0D6DAEE4-591C-475C-84B8-91326698926F}.Debug|Mixed Platforms.Build.0 = Debug|x86
		{0D6DAEE4-591C-475C-84B8-91326698926F}.Debug|x64.ActiveCfg = Debug|Any CPU
		{0D6DAEE4-591C-475C-84B8-91326698926F}.Debug|x86.ActiveCfg = Debug|Any CPU
		{0D6DAEE4-591C-475C-84B8-91326698926F}.Debug|x86.Build.0 = Debug|Any CPU
		{0D6DAEE4-591C-475C-84B8-91326698926F}.Release|Any CPU.ActiveCfg = Release|x86
		{0D6DAEE4-591C-475C-84B8-91326698926F}.Release|Any CPU.Build.0 = Release|x86
		{0D6DAEE4-591C-475C-84B8-91326698926F}.Release|Mixed Platforms.ActiveCfg = Release|x86
		{0D6DAEE4-591C-475C-84B8-91326698926F}.Release|Mixed Platforms.Build.0 = Release|x86
		{0D6DAEE4-591C-475C-84B8-91326698926F}.Release|x64.ActiveCfg = Release|Any CPU
		{0D6DAEE4-591C-475C-84B8-91326698926F}.Release|x86.ActiveCfg = Release|x86
		{0D6DAEE4-591C-475C-84B8-91326698926F}.Release|x86.Build.0 = Release|x86
		{9FC59C48-CA2C-4FC8-8975-7E430AC2C5F0}.Debug|Any CPU.ActiveCfg = Debug|x86
		{9FC59C48-CA2C-4FC8-8975-7E430AC2C5F0}.Debug|Mixed Platforms.ActiveCfg = Debug|Any CPU
		{9FC59C48-CA2C-4FC8-8975-7E430AC2C5F0}.Debug|Mixed Platforms.Build.0 = Debug|Any CPU
		{9FC59C48-CA2C-4FC8-8975-7E430AC2C5F0}.Debug|x64.ActiveCfg = Debug|Any CPU
		{9FC59C48-CA2C-4FC8-8975-7E430AC2C5F0}.Debug|x86.ActiveCfg = Debug|Any CPU
		{9FC59C48-CA2C-4FC8-8975-7E430AC2C5F0}.Release|Any CPU.ActiveCfg = Release|Any CPU
		{9FC59C48-CA2C-4FC8-8975-7E430AC2C5F0}.Release|Mixed Platforms.ActiveCfg = Release|Any CPU
		{9FC59C48-CA2C-4FC8-8975-7E430AC2C5F0}.Release|Mixed Platforms.Build.0 = Release|Any CPU
		{9FC59C48-CA2C-4FC8-8975-7E430AC2C5F0}.Release|x64.ActiveCfg = Release|Any CPU
		{9FC59C48-CA2C-4FC8-8975-7E430AC2C5F0}.Release|x86.ActiveCfg = Release|Any CPU
		{74877D78-FE9B-4FAF-A9E5-5503D6021577}.Debug|Any CPU.ActiveCfg = Debug|x86
		{74877D78-FE9B-4FAF-A9E5-5503D6021577}.Debug|Any CPU.Build.0 = Debug|x86
		{74877D78-FE9B-4FAF-A9E5-5503D6021577}.Debug|Mixed Platforms.ActiveCfg = Debug|x86
		{74877D78-FE9B-4FAF-A9E5-5503D6021577}.Debug|Mixed Platforms.Build.0 = Debug|x86
		{74877D78-FE9B-4FAF-A9E5-5503D6021577}.Debug|x64.ActiveCfg = Debug|Any CPU
		{74877D78-FE9B-4FAF-A9E5-5503D6021577}.Debug|x86.ActiveCfg = Debug|Any CPU
		{74877D78-FE9B-4FAF-A9E5-5503D6021577}.Debug|x86.Build.0 = Debug|Any CPU
		{74877D78-FE9B-4FAF-A9E5-5503D6021577}.Debug|x86.Deploy.0 = Debug|Any CPU
		{74877D78-FE9B-4FAF-A9E5-5503D6021577}.Release|Any CPU.ActiveCfg = Release|Any CPU
		{74877D78-FE9B-4FAF-A9E5-5503D6021577}.Release|Any CPU.Build.0 = Release|Any CPU
		{74877D78-FE9B-4FAF-A9E5-5503D6021577}.Release|Mixed Platforms.ActiveCfg = Release|Any CPU
		{74877D78-FE9B-4FAF-A9E5-5503D6021577}.Release|Mixed Platforms.Build.0 = Release|Any CPU
		{74877D78-FE9B-4FAF-A9E5-5503D6021577}.Release|x64.ActiveCfg = Release|Any CPU
		{74877D78-FE9B-4FAF-A9E5-5503D6021577}.Release|x86.ActiveCfg = Release|x86
		{74877D78-FE9B-4FAF-A9E5-5503D6021577}.Release|x86.Build.0 = Release|x86
		{B131651F-BAE3-4A76-9B61-70D810852A69}.Debug|Any CPU.ActiveCfg = Debug|x86
		{B131651F-BAE3-4A76-9B61-70D810852A69}.Debug|Any CPU.Build.0 = Debug|x86
		{B131651F-BAE3-4A76-9B61-70D810852A69}.Debug|Mixed Platforms.ActiveCfg = Debug|Any CPU
		{B131651F-BAE3-4A76-9B61-70D810852A69}.Debug|Mixed Platforms.Build.0 = Debug|Any CPU
		{B131651F-BAE3-4A76-9B61-70D810852A69}.Debug|x64.ActiveCfg = Debug|Any CPU
		{B131651F-BAE3-4A76-9B61-70D810852A69}.Debug|x86.ActiveCfg = Debug|Any CPU
		{B131651F-BAE3-4A76-9B61-70D810852A69}.Debug|x86.Build.0 = Debug|Any CPU
		{B131651F-BAE3-4A76-9B61-70D810852A69}.Release|Any CPU.ActiveCfg = Release|Any CPU
		{B131651F-BAE3-4A76-9B61-70D810852A69}.Release|Any CPU.Build.0 = Release|Any CPU
		{B131651F-BAE3-4A76-9B61-70D810852A69}.Release|Mixed Platforms.ActiveCfg = Release|Any CPU
		{B131651F-BAE3-4A76-9B61-70D810852A69}.Release|Mixed Platforms.Build.0 = Release|Any CPU
		{B131651F-BAE3-4A76-9B61-70D810852A69}.Release|x64.ActiveCfg = Release|Any CPU
		{B131651F-BAE3-4A76-9B61-70D810852A69}.Release|x86.ActiveCfg = Release|Any CPU
		{B131651F-BAE3-4A76-9B61-70D810852A69}.Release|x86.Build.0 = Release|Any CPU
		{61C7F3BE-15B1-4445-8367-90331C7F47FD}.Debug|Any CPU.ActiveCfg = Debug|x86
		{61C7F3BE-15B1-4445-8367-90331C7F47FD}.Debug|Any CPU.Build.0 = Debug|x86
		{61C7F3BE-15B1-4445-8367-90331C7F47FD}.Debug|Mixed Platforms.ActiveCfg = Debug|Any CPU
		{61C7F3BE-15B1-4445-8367-90331C7F47FD}.Debug|Mixed Platforms.Build.0 = Debug|Any CPU
		{61C7F3BE-15B1-4445-8367-90331C7F47FD}.Debug|x64.ActiveCfg = Debug|Any CPU
		{61C7F3BE-15B1-4445-8367-90331C7F47FD}.Debug|x86.ActiveCfg = Debug|Any CPU
		{61C7F3BE-15B1-4445-8367-90331C7F47FD}.Debug|x86.Build.0 = Debug|Any CPU
		{61C7F3BE-15B1-4445-8367-90331C7F47FD}.Release|Any CPU.ActiveCfg = Release|Any CPU
		{61C7F3BE-15B1-4445-8367-90331C7F47FD}.Release|Any CPU.Build.0 = Release|Any CPU
		{61C7F3BE-15B1-4445-8367-90331C7F47FD}.Release|Mixed Platforms.ActiveCfg = Release|Any CPU
		{61C7F3BE-15B1-4445-8367-90331C7F47FD}.Release|Mixed Platforms.Build.0 = Release|Any CPU
		{61C7F3BE-15B1-4445-8367-90331C7F47FD}.Release|x64.ActiveCfg = Release|Any CPU
		{61C7F3BE-15B1-4445-8367-90331C7F47FD}.Release|x86.ActiveCfg = Release|Any CPU
		{61C7F3BE-15B1-4445-8367-90331C7F47FD}.Release|x86.Build.0 = Release|Any CPU
		{B6A1C81F-96BB-475E-908B-E9F0AE84AAB2}.Debug|Any CPU.ActiveCfg = Debug|x86
		{B6A1C81F-96BB-475E-908B-E9F0AE84AAB2}.Debug|Any CPU.Build.0 = Debug|x86
		{B6A1C81F-96BB-475E-908B-E9F0AE84AAB2}.Debug|Mixed Platforms.ActiveCfg = Debug|Any CPU
		{B6A1C81F-96BB-475E-908B-E9F0AE84AAB2}.Debug|Mixed Platforms.Build.0 = Debug|Any CPU
		{B6A1C81F-96BB-475E-908B-E9F0AE84AAB2}.Debug|x64.ActiveCfg = Debug|Any CPU
		{B6A1C81F-96BB-475E-908B-E9F0AE84AAB2}.Debug|x86.ActiveCfg = Debug|Any CPU
		{B6A1C81F-96BB-475E-908B-E9F0AE84AAB2}.Debug|x86.Build.0 = Debug|Any CPU
		{B6A1C81F-96BB-475E-908B-E9F0AE84AAB2}.Release|Any CPU.ActiveCfg = Release|Any CPU
		{B6A1C81F-96BB-475E-908B-E9F0AE84AAB2}.Release|Any CPU.Build.0 = Release|Any CPU
		{B6A1C81F-96BB-475E-908B-E9F0AE84AAB2}.Release|Mixed Platforms.ActiveCfg = Release|Any CPU
		{B6A1C81F-96BB-475E-908B-E9F0AE84AAB2}.Release|Mixed Platforms.Build.0 = Release|Any CPU
		{B6A1C81F-96BB-475E-908B-E9F0AE84AAB2}.Release|x64.ActiveCfg = Release|Any CPU
		{B6A1C81F-96BB-475E-908B-E9F0AE84AAB2}.Release|x86.ActiveCfg = Release|Any CPU
		{B6A1C81F-96BB-475E-908B-E9F0AE84AAB2}.Release|x86.Build.0 = Release|Any CPU
		{CE69E0EE-2E6C-4F3D-B29A-A9A82FB13D00}.Debug|Any CPU.ActiveCfg = Debug|x86
		{CE69E0EE-2E6C-4F3D-B29A-A9A82FB13D00}.Debug|Any CPU.Build.0 = Debug|x86
		{CE69E0EE-2E6C-4F3D-B29A-A9A82FB13D00}.Debug|Mixed Platforms.ActiveCfg = Debug|Any CPU
		{CE69E0EE-2E6C-4F3D-B29A-A9A82FB13D00}.Debug|Mixed Platforms.Build.0 = Debug|Any CPU
		{CE69E0EE-2E6C-4F3D-B29A-A9A82FB13D00}.Debug|x64.ActiveCfg = Debug|Any CPU
		{CE69E0EE-2E6C-4F3D-B29A-A9A82FB13D00}.Debug|x86.ActiveCfg = Debug|Any CPU
		{CE69E0EE-2E6C-4F3D-B29A-A9A82FB13D00}.Debug|x86.Build.0 = Debug|Any CPU
		{CE69E0EE-2E6C-4F3D-B29A-A9A82FB13D00}.Release|Any CPU.ActiveCfg = Release|Any CPU
		{CE69E0EE-2E6C-4F3D-B29A-A9A82FB13D00}.Release|Any CPU.Build.0 = Release|Any CPU
		{CE69E0EE-2E6C-4F3D-B29A-A9A82FB13D00}.Release|Mixed Platforms.ActiveCfg = Release|Any CPU
		{CE69E0EE-2E6C-4F3D-B29A-A9A82FB13D00}.Release|Mixed Platforms.Build.0 = Release|Any CPU
		{CE69E0EE-2E6C-4F3D-B29A-A9A82FB13D00}.Release|x64.ActiveCfg = Release|Any CPU
		{CE69E0EE-2E6C-4F3D-B29A-A9A82FB13D00}.Release|x86.ActiveCfg = Release|Any CPU
		{CE69E0EE-2E6C-4F3D-B29A-A9A82FB13D00}.Release|x86.Build.0 = Release|Any CPU
		{F6BEF88A-F790-4BC7-ACF1-5EAF0C211791}.Debug|Any CPU.ActiveCfg = Debug|x86
		{F6BEF88A-F790-4BC7-ACF1-5EAF0C211791}.Debug|Any CPU.Build.0 = Debug|x86
		{F6BEF88A-F790-4BC7-ACF1-5EAF0C211791}.Debug|Mixed Platforms.ActiveCfg = Debug|Any CPU
		{F6BEF88A-F790-4BC7-ACF1-5EAF0C211791}.Debug|Mixed Platforms.Build.0 = Debug|Any CPU
		{F6BEF88A-F790-4BC7-ACF1-5EAF0C211791}.Debug|x64.ActiveCfg = Debug|Any CPU
		{F6BEF88A-F790-4BC7-ACF1-5EAF0C211791}.Debug|x86.ActiveCfg = Debug|Any CPU
		{F6BEF88A-F790-4BC7-ACF1-5EAF0C211791}.Debug|x86.Build.0 = Debug|Any CPU
		{F6BEF88A-F790-4BC7-ACF1-5EAF0C211791}.Release|Any CPU.ActiveCfg = Release|Any CPU
		{F6BEF88A-F790-4BC7-ACF1-5EAF0C211791}.Release|Any CPU.Build.0 = Release|Any CPU
		{F6BEF88A-F790-4BC7-ACF1-5EAF0C211791}.Release|Mixed Platforms.ActiveCfg = Release|Any CPU
		{F6BEF88A-F790-4BC7-ACF1-5EAF0C211791}.Release|Mixed Platforms.Build.0 = Release|Any CPU
		{F6BEF88A-F790-4BC7-ACF1-5EAF0C211791}.Release|x64.ActiveCfg = Release|Any CPU
		{F6BEF88A-F790-4BC7-ACF1-5EAF0C211791}.Release|x86.ActiveCfg = Release|Any CPU
		{F6BEF88A-F790-4BC7-ACF1-5EAF0C211791}.Release|x86.Build.0 = Release|Any CPU
		{811A09B5-6590-46AF-BFA6-6A1616FE3F51}.Debug|Any CPU.ActiveCfg = Debug|x86
		{811A09B5-6590-46AF-BFA6-6A1616FE3F51}.Debug|Any CPU.Build.0 = Debug|x86
		{811A09B5-6590-46AF-BFA6-6A1616FE3F51}.Debug|Mixed Platforms.ActiveCfg = Debug|x86
		{811A09B5-6590-46AF-BFA6-6A1616FE3F51}.Debug|Mixed Platforms.Build.0 = Debug|x86
		{811A09B5-6590-46AF-BFA6-6A1616FE3F51}.Debug|x64.ActiveCfg = Debug|Any CPU
		{811A09B5-6590-46AF-BFA6-6A1616FE3F51}.Debug|x86.ActiveCfg = Debug|Any CPU
		{811A09B5-6590-46AF-BFA6-6A1616FE3F51}.Release|Any CPU.ActiveCfg = Release|Any CPU
		{811A09B5-6590-46AF-BFA6-6A1616FE3F51}.Release|Any CPU.Build.0 = Release|Any CPU
		{811A09B5-6590-46AF-BFA6-6A1616FE3F51}.Release|Mixed Platforms.ActiveCfg = Release|Any CPU
		{811A09B5-6590-46AF-BFA6-6A1616FE3F51}.Release|Mixed Platforms.Build.0 = Release|Any CPU
		{811A09B5-6590-46AF-BFA6-6A1616FE3F51}.Release|x64.ActiveCfg = Release|Any CPU
		{811A09B5-6590-46AF-BFA6-6A1616FE3F51}.Release|x86.ActiveCfg = Release|x86
		{811A09B5-6590-46AF-BFA6-6A1616FE3F51}.Release|x86.Build.0 = Release|x86
		{4AB62377-487B-44D0-8AC4-46BADD78C873}.Debug|Any CPU.ActiveCfg = Debug|x86
		{4AB62377-487B-44D0-8AC4-46BADD78C873}.Debug|Any CPU.Build.0 = Debug|x86
		{4AB62377-487B-44D0-8AC4-46BADD78C873}.Debug|Mixed Platforms.ActiveCfg = Debug|Any CPU
		{4AB62377-487B-44D0-8AC4-46BADD78C873}.Debug|Mixed Platforms.Build.0 = Debug|Any CPU
		{4AB62377-487B-44D0-8AC4-46BADD78C873}.Debug|x64.ActiveCfg = Debug|x64
		{4AB62377-487B-44D0-8AC4-46BADD78C873}.Debug|x64.Build.0 = Debug|x64
		{4AB62377-487B-44D0-8AC4-46BADD78C873}.Debug|x86.ActiveCfg = Debug|Any CPU
		{4AB62377-487B-44D0-8AC4-46BADD78C873}.Release|Any CPU.ActiveCfg = Release|Any CPU
		{4AB62377-487B-44D0-8AC4-46BADD78C873}.Release|Any CPU.Build.0 = Release|Any CPU
		{4AB62377-487B-44D0-8AC4-46BADD78C873}.Release|Mixed Platforms.ActiveCfg = Release|Any CPU
		{4AB62377-487B-44D0-8AC4-46BADD78C873}.Release|Mixed Platforms.Build.0 = Release|Any CPU
		{4AB62377-487B-44D0-8AC4-46BADD78C873}.Release|x64.ActiveCfg = Release|x64
		{4AB62377-487B-44D0-8AC4-46BADD78C873}.Release|x64.Build.0 = Release|x64
		{4AB62377-487B-44D0-8AC4-46BADD78C873}.Release|x86.ActiveCfg = Release|Any CPU
		{4AB62377-487B-44D0-8AC4-46BADD78C873}.Release|x86.Build.0 = Release|Any CPU
		{DAD1749F-3633-45E8-BC7D-D56A63450F65}.Debug|Any CPU.ActiveCfg = Debug|x86
		{DAD1749F-3633-45E8-BC7D-D56A63450F65}.Debug|Any CPU.Build.0 = Debug|x86
		{DAD1749F-3633-45E8-BC7D-D56A63450F65}.Debug|Mixed Platforms.ActiveCfg = Debug|Any CPU
		{DAD1749F-3633-45E8-BC7D-D56A63450F65}.Debug|Mixed Platforms.Build.0 = Debug|Any CPU
		{DAD1749F-3633-45E8-BC7D-D56A63450F65}.Debug|x64.ActiveCfg = Debug|Any CPU
		{DAD1749F-3633-45E8-BC7D-D56A63450F65}.Debug|x86.ActiveCfg = Debug|Any CPU
		{DAD1749F-3633-45E8-BC7D-D56A63450F65}.Release|Any CPU.ActiveCfg = Release|Any CPU
		{DAD1749F-3633-45E8-BC7D-D56A63450F65}.Release|Any CPU.Build.0 = Release|Any CPU
		{DAD1749F-3633-45E8-BC7D-D56A63450F65}.Release|Mixed Platforms.ActiveCfg = Release|Any CPU
		{DAD1749F-3633-45E8-BC7D-D56A63450F65}.Release|Mixed Platforms.Build.0 = Release|Any CPU
		{DAD1749F-3633-45E8-BC7D-D56A63450F65}.Release|x64.ActiveCfg = Release|Any CPU
		{DAD1749F-3633-45E8-BC7D-D56A63450F65}.Release|x86.ActiveCfg = Release|Any CPU
		{DAD1749F-3633-45E8-BC7D-D56A63450F65}.Release|x86.Build.0 = Release|Any CPU
		{9FDC67B7-A355-4D9D-83CD-187E9FE0D6E5}.Debug|Any CPU.ActiveCfg = Debug|x86
		{9FDC67B7-A355-4D9D-83CD-187E9FE0D6E5}.Debug|Any CPU.Build.0 = Debug|x86
		{9FDC67B7-A355-4D9D-83CD-187E9FE0D6E5}.Debug|Mixed Platforms.ActiveCfg = Debug|x86
		{9FDC67B7-A355-4D9D-83CD-187E9FE0D6E5}.Debug|Mixed Platforms.Build.0 = Debug|x86
		{9FDC67B7-A355-4D9D-83CD-187E9FE0D6E5}.Debug|x64.ActiveCfg = Debug|Any CPU
		{9FDC67B7-A355-4D9D-83CD-187E9FE0D6E5}.Debug|x86.ActiveCfg = Debug|Any CPU
		{9FDC67B7-A355-4D9D-83CD-187E9FE0D6E5}.Release|Any CPU.ActiveCfg = Release|Any CPU
		{9FDC67B7-A355-4D9D-83CD-187E9FE0D6E5}.Release|Any CPU.Build.0 = Release|Any CPU
		{9FDC67B7-A355-4D9D-83CD-187E9FE0D6E5}.Release|Mixed Platforms.ActiveCfg = Release|Any CPU
		{9FDC67B7-A355-4D9D-83CD-187E9FE0D6E5}.Release|Mixed Platforms.Build.0 = Release|Any CPU
		{9FDC67B7-A355-4D9D-83CD-187E9FE0D6E5}.Release|x64.ActiveCfg = Release|Any CPU
		{9FDC67B7-A355-4D9D-83CD-187E9FE0D6E5}.Release|x86.ActiveCfg = Release|x86
		{9FDC67B7-A355-4D9D-83CD-187E9FE0D6E5}.Release|x86.Build.0 = Release|x86
		{CC2EC958-4F1F-4612-8FD8-5CB31AA1CFC5}.Debug|Any CPU.ActiveCfg = Debug|x86
		{CC2EC958-4F1F-4612-8FD8-5CB31AA1CFC5}.Debug|Any CPU.Build.0 = Debug|x86
		{CC2EC958-4F1F-4612-8FD8-5CB31AA1CFC5}.Debug|Mixed Platforms.ActiveCfg = Debug|Any CPU
		{CC2EC958-4F1F-4612-8FD8-5CB31AA1CFC5}.Debug|Mixed Platforms.Build.0 = Debug|Any CPU
		{CC2EC958-4F1F-4612-8FD8-5CB31AA1CFC5}.Debug|x64.ActiveCfg = Debug|Any CPU
		{CC2EC958-4F1F-4612-8FD8-5CB31AA1CFC5}.Debug|x86.ActiveCfg = Debug|Any CPU
		{CC2EC958-4F1F-4612-8FD8-5CB31AA1CFC5}.Debug|x86.Build.0 = Debug|Any CPU
		{CC2EC958-4F1F-4612-8FD8-5CB31AA1CFC5}.Release|Any CPU.ActiveCfg = Release|Any CPU
		{CC2EC958-4F1F-4612-8FD8-5CB31AA1CFC5}.Release|Any CPU.Build.0 = Release|Any CPU
		{CC2EC958-4F1F-4612-8FD8-5CB31AA1CFC5}.Release|Mixed Platforms.ActiveCfg = Release|Any CPU
		{CC2EC958-4F1F-4612-8FD8-5CB31AA1CFC5}.Release|Mixed Platforms.Build.0 = Release|Any CPU
		{CC2EC958-4F1F-4612-8FD8-5CB31AA1CFC5}.Release|x64.ActiveCfg = Release|Any CPU
		{CC2EC958-4F1F-4612-8FD8-5CB31AA1CFC5}.Release|x86.ActiveCfg = Release|Any CPU
		{CC2EC958-4F1F-4612-8FD8-5CB31AA1CFC5}.Release|x86.Build.0 = Release|Any CPU
		{08A28CF7-E060-48E3-BC2E-F9E29FE89358}.Debug|Any CPU.ActiveCfg = Debug|x86
		{08A28CF7-E060-48E3-BC2E-F9E29FE89358}.Debug|Any CPU.Build.0 = Debug|x86
		{08A28CF7-E060-48E3-BC2E-F9E29FE89358}.Debug|Mixed Platforms.ActiveCfg = Debug|Any CPU
		{08A28CF7-E060-48E3-BC2E-F9E29FE89358}.Debug|Mixed Platforms.Build.0 = Debug|Any CPU
		{08A28CF7-E060-48E3-BC2E-F9E29FE89358}.Debug|x64.ActiveCfg = Debug|Any CPU
		{08A28CF7-E060-48E3-BC2E-F9E29FE89358}.Debug|x86.ActiveCfg = Debug|Any CPU
		{08A28CF7-E060-48E3-BC2E-F9E29FE89358}.Debug|x86.Build.0 = Debug|Any CPU
		{08A28CF7-E060-48E3-BC2E-F9E29FE89358}.Release|Any CPU.ActiveCfg = Release|Any CPU
		{08A28CF7-E060-48E3-BC2E-F9E29FE89358}.Release|Any CPU.Build.0 = Release|Any CPU
		{08A28CF7-E060-48E3-BC2E-F9E29FE89358}.Release|Mixed Platforms.ActiveCfg = Release|Any CPU
		{08A28CF7-E060-48E3-BC2E-F9E29FE89358}.Release|Mixed Platforms.Build.0 = Release|Any CPU
		{08A28CF7-E060-48E3-BC2E-F9E29FE89358}.Release|x64.ActiveCfg = Release|Any CPU
		{08A28CF7-E060-48E3-BC2E-F9E29FE89358}.Release|x86.ActiveCfg = Release|Any CPU
		{08A28CF7-E060-48E3-BC2E-F9E29FE89358}.Release|x86.Build.0 = Release|Any CPU
		{46F0DD56-49E3-47A6-84EF-9EAB44609CB0}.Debug|Any CPU.ActiveCfg = Debug|Any CPU
		{46F0DD56-49E3-47A6-84EF-9EAB44609CB0}.Debug|Any CPU.Build.0 = Debug|Any CPU
		{46F0DD56-49E3-47A6-84EF-9EAB44609CB0}.Debug|Mixed Platforms.ActiveCfg = Debug|Any CPU
		{46F0DD56-49E3-47A6-84EF-9EAB44609CB0}.Debug|Mixed Platforms.Build.0 = Debug|Any CPU
		{46F0DD56-49E3-47A6-84EF-9EAB44609CB0}.Debug|x64.ActiveCfg = Debug|Any CPU
		{46F0DD56-49E3-47A6-84EF-9EAB44609CB0}.Debug|x86.ActiveCfg = Debug|Any CPU
		{46F0DD56-49E3-47A6-84EF-9EAB44609CB0}.Release|Any CPU.ActiveCfg = Release|Any CPU
		{46F0DD56-49E3-47A6-84EF-9EAB44609CB0}.Release|Any CPU.Build.0 = Release|Any CPU
		{46F0DD56-49E3-47A6-84EF-9EAB44609CB0}.Release|Mixed Platforms.ActiveCfg = Release|Any CPU
		{46F0DD56-49E3-47A6-84EF-9EAB44609CB0}.Release|Mixed Platforms.Build.0 = Release|Any CPU
		{46F0DD56-49E3-47A6-84EF-9EAB44609CB0}.Release|x64.ActiveCfg = Release|Any CPU
		{46F0DD56-49E3-47A6-84EF-9EAB44609CB0}.Release|x86.ActiveCfg = Release|Any CPU
		{673A29D6-6180-472B-906C-47C1386D8A9C}.Debug|Any CPU.ActiveCfg = Debug|Any CPU
		{673A29D6-6180-472B-906C-47C1386D8A9C}.Debug|Any CPU.Build.0 = Debug|Any CPU
		{673A29D6-6180-472B-906C-47C1386D8A9C}.Debug|Mixed Platforms.ActiveCfg = Debug|Any CPU
		{673A29D6-6180-472B-906C-47C1386D8A9C}.Debug|Mixed Platforms.Build.0 = Debug|Any CPU
		{673A29D6-6180-472B-906C-47C1386D8A9C}.Debug|x64.ActiveCfg = Debug|Any CPU
		{673A29D6-6180-472B-906C-47C1386D8A9C}.Debug|x86.ActiveCfg = Debug|Any CPU
		{673A29D6-6180-472B-906C-47C1386D8A9C}.Release|Any CPU.ActiveCfg = Release|Any CPU
		{673A29D6-6180-472B-906C-47C1386D8A9C}.Release|Any CPU.Build.0 = Release|Any CPU
		{673A29D6-6180-472B-906C-47C1386D8A9C}.Release|Mixed Platforms.ActiveCfg = Release|Any CPU
		{673A29D6-6180-472B-906C-47C1386D8A9C}.Release|Mixed Platforms.Build.0 = Release|Any CPU
		{673A29D6-6180-472B-906C-47C1386D8A9C}.Release|x64.ActiveCfg = Release|Any CPU
		{673A29D6-6180-472B-906C-47C1386D8A9C}.Release|x86.ActiveCfg = Release|Any CPU
		{198DE571-4337-4792-9AA3-4A9DE04F70D5}.Debug|Any CPU.ActiveCfg = Debug|Any CPU
		{198DE571-4337-4792-9AA3-4A9DE04F70D5}.Debug|Any CPU.Build.0 = Debug|Any CPU
		{198DE571-4337-4792-9AA3-4A9DE04F70D5}.Debug|Mixed Platforms.ActiveCfg = Debug|Any CPU
		{198DE571-4337-4792-9AA3-4A9DE04F70D5}.Debug|Mixed Platforms.Build.0 = Debug|Any CPU
		{198DE571-4337-4792-9AA3-4A9DE04F70D5}.Debug|x64.ActiveCfg = Debug|Any CPU
		{198DE571-4337-4792-9AA3-4A9DE04F70D5}.Debug|x86.ActiveCfg = Debug|Any CPU
		{198DE571-4337-4792-9AA3-4A9DE04F70D5}.Release|Any CPU.ActiveCfg = Release|Any CPU
		{198DE571-4337-4792-9AA3-4A9DE04F70D5}.Release|Any CPU.Build.0 = Release|Any CPU
		{198DE571-4337-4792-9AA3-4A9DE04F70D5}.Release|Mixed Platforms.ActiveCfg = Release|Any CPU
		{198DE571-4337-4792-9AA3-4A9DE04F70D5}.Release|Mixed Platforms.Build.0 = Release|Any CPU
		{198DE571-4337-4792-9AA3-4A9DE04F70D5}.Release|x64.ActiveCfg = Release|Any CPU
		{198DE571-4337-4792-9AA3-4A9DE04F70D5}.Release|x86.ActiveCfg = Release|Any CPU
		{1FCBC722-6805-4CAB-B58B-1AD1FC8F3B55}.Debug|Any CPU.ActiveCfg = Debug|Any CPU
		{1FCBC722-6805-4CAB-B58B-1AD1FC8F3B55}.Debug|Any CPU.Build.0 = Debug|Any CPU
		{1FCBC722-6805-4CAB-B58B-1AD1FC8F3B55}.Debug|Mixed Platforms.ActiveCfg = Debug|Any CPU
		{1FCBC722-6805-4CAB-B58B-1AD1FC8F3B55}.Debug|Mixed Platforms.Build.0 = Debug|Any CPU
		{1FCBC722-6805-4CAB-B58B-1AD1FC8F3B55}.Debug|x64.ActiveCfg = Debug|Any CPU
		{1FCBC722-6805-4CAB-B58B-1AD1FC8F3B55}.Debug|x86.ActiveCfg = Debug|Any CPU
		{1FCBC722-6805-4CAB-B58B-1AD1FC8F3B55}.Release|Any CPU.ActiveCfg = Release|Any CPU
		{1FCBC722-6805-4CAB-B58B-1AD1FC8F3B55}.Release|Any CPU.Build.0 = Release|Any CPU
		{1FCBC722-6805-4CAB-B58B-1AD1FC8F3B55}.Release|Mixed Platforms.ActiveCfg = Release|Any CPU
		{1FCBC722-6805-4CAB-B58B-1AD1FC8F3B55}.Release|Mixed Platforms.Build.0 = Release|Any CPU
		{1FCBC722-6805-4CAB-B58B-1AD1FC8F3B55}.Release|x64.ActiveCfg = Release|Any CPU
		{1FCBC722-6805-4CAB-B58B-1AD1FC8F3B55}.Release|x86.ActiveCfg = Release|Any CPU
		{163424D9-8A52-430E-9D68-AE4475495ACC}.Debug|Any CPU.ActiveCfg = Debug|Any CPU
		{163424D9-8A52-430E-9D68-AE4475495ACC}.Debug|Any CPU.Build.0 = Debug|Any CPU
		{163424D9-8A52-430E-9D68-AE4475495ACC}.Debug|Mixed Platforms.ActiveCfg = Debug|Any CPU
		{163424D9-8A52-430E-9D68-AE4475495ACC}.Debug|Mixed Platforms.Build.0 = Debug|Any CPU
		{163424D9-8A52-430E-9D68-AE4475495ACC}.Debug|x64.ActiveCfg = Debug|Any CPU
		{163424D9-8A52-430E-9D68-AE4475495ACC}.Debug|x86.ActiveCfg = Debug|Any CPU
		{163424D9-8A52-430E-9D68-AE4475495ACC}.Release|Any CPU.ActiveCfg = Release|Any CPU
		{163424D9-8A52-430E-9D68-AE4475495ACC}.Release|Any CPU.Build.0 = Release|Any CPU
		{163424D9-8A52-430E-9D68-AE4475495ACC}.Release|Mixed Platforms.ActiveCfg = Release|Any CPU
		{163424D9-8A52-430E-9D68-AE4475495ACC}.Release|Mixed Platforms.Build.0 = Release|Any CPU
		{163424D9-8A52-430E-9D68-AE4475495ACC}.Release|x64.ActiveCfg = Release|Any CPU
		{163424D9-8A52-430E-9D68-AE4475495ACC}.Release|x86.ActiveCfg = Release|Any CPU
		{011B1D0B-05E4-4A79-A097-23E31A06D93A}.Debug|Any CPU.ActiveCfg = Debug|Any CPU
		{011B1D0B-05E4-4A79-A097-23E31A06D93A}.Debug|Any CPU.Build.0 = Debug|Any CPU
		{011B1D0B-05E4-4A79-A097-23E31A06D93A}.Debug|Mixed Platforms.ActiveCfg = Debug|Any CPU
		{011B1D0B-05E4-4A79-A097-23E31A06D93A}.Debug|Mixed Platforms.Build.0 = Debug|Any CPU
		{011B1D0B-05E4-4A79-A097-23E31A06D93A}.Debug|x64.ActiveCfg = Debug|Any CPU
		{011B1D0B-05E4-4A79-A097-23E31A06D93A}.Debug|x86.ActiveCfg = Debug|Any CPU
		{011B1D0B-05E4-4A79-A097-23E31A06D93A}.Release|Any CPU.ActiveCfg = Release|Any CPU
		{011B1D0B-05E4-4A79-A097-23E31A06D93A}.Release|Any CPU.Build.0 = Release|Any CPU
		{011B1D0B-05E4-4A79-A097-23E31A06D93A}.Release|Mixed Platforms.ActiveCfg = Release|Any CPU
		{011B1D0B-05E4-4A79-A097-23E31A06D93A}.Release|Mixed Platforms.Build.0 = Release|Any CPU
		{011B1D0B-05E4-4A79-A097-23E31A06D93A}.Release|x64.ActiveCfg = Release|Any CPU
		{011B1D0B-05E4-4A79-A097-23E31A06D93A}.Release|x86.ActiveCfg = Release|Any CPU
		{2A8B3445-F77B-42E4-82DD-C3C9B54F311B}.Debug|Any CPU.ActiveCfg = Debug|Any CPU
		{2A8B3445-F77B-42E4-82DD-C3C9B54F311B}.Debug|Any CPU.Build.0 = Debug|Any CPU
		{2A8B3445-F77B-42E4-82DD-C3C9B54F311B}.Debug|Mixed Platforms.ActiveCfg = Debug|Any CPU
		{2A8B3445-F77B-42E4-82DD-C3C9B54F311B}.Debug|Mixed Platforms.Build.0 = Debug|Any CPU
		{2A8B3445-F77B-42E4-82DD-C3C9B54F311B}.Debug|x64.ActiveCfg = Debug|Any CPU
		{2A8B3445-F77B-42E4-82DD-C3C9B54F311B}.Debug|x86.ActiveCfg = Debug|Any CPU
		{2A8B3445-F77B-42E4-82DD-C3C9B54F311B}.Release|Any CPU.ActiveCfg = Release|Any CPU
		{2A8B3445-F77B-42E4-82DD-C3C9B54F311B}.Release|Any CPU.Build.0 = Release|Any CPU
		{2A8B3445-F77B-42E4-82DD-C3C9B54F311B}.Release|Mixed Platforms.ActiveCfg = Release|Any CPU
		{2A8B3445-F77B-42E4-82DD-C3C9B54F311B}.Release|Mixed Platforms.Build.0 = Release|Any CPU
		{2A8B3445-F77B-42E4-82DD-C3C9B54F311B}.Release|x64.ActiveCfg = Release|Any CPU
		{2A8B3445-F77B-42E4-82DD-C3C9B54F311B}.Release|x86.ActiveCfg = Release|Any CPU
		{FA68AAD8-87CF-4A83-9598-406EA8385C37}.Debug|Any CPU.ActiveCfg = Debug|Any CPU
		{FA68AAD8-87CF-4A83-9598-406EA8385C37}.Debug|Any CPU.Build.0 = Debug|Any CPU
		{FA68AAD8-87CF-4A83-9598-406EA8385C37}.Debug|Mixed Platforms.ActiveCfg = Debug|Any CPU
		{FA68AAD8-87CF-4A83-9598-406EA8385C37}.Debug|Mixed Platforms.Build.0 = Debug|Any CPU
		{FA68AAD8-87CF-4A83-9598-406EA8385C37}.Debug|x64.ActiveCfg = Debug|Any CPU
		{FA68AAD8-87CF-4A83-9598-406EA8385C37}.Debug|x86.ActiveCfg = Debug|Any CPU
		{FA68AAD8-87CF-4A83-9598-406EA8385C37}.Release|Any CPU.ActiveCfg = Release|Any CPU
		{FA68AAD8-87CF-4A83-9598-406EA8385C37}.Release|Any CPU.Build.0 = Release|Any CPU
		{FA68AAD8-87CF-4A83-9598-406EA8385C37}.Release|Mixed Platforms.ActiveCfg = Release|Any CPU
		{FA68AAD8-87CF-4A83-9598-406EA8385C37}.Release|Mixed Platforms.Build.0 = Release|Any CPU
		{FA68AAD8-87CF-4A83-9598-406EA8385C37}.Release|x64.ActiveCfg = Release|Any CPU
		{FA68AAD8-87CF-4A83-9598-406EA8385C37}.Release|x86.ActiveCfg = Release|Any CPU
		{4F265752-D0C3-408B-B26F-4A08BD13E24D}.Debug|Any CPU.ActiveCfg = Debug|Any CPU
		{4F265752-D0C3-408B-B26F-4A08BD13E24D}.Debug|Any CPU.Build.0 = Debug|Any CPU
		{4F265752-D0C3-408B-B26F-4A08BD13E24D}.Debug|Mixed Platforms.ActiveCfg = Debug|Any CPU
		{4F265752-D0C3-408B-B26F-4A08BD13E24D}.Debug|Mixed Platforms.Build.0 = Debug|Any CPU
		{4F265752-D0C3-408B-B26F-4A08BD13E24D}.Debug|x64.ActiveCfg = Debug|Any CPU
		{4F265752-D0C3-408B-B26F-4A08BD13E24D}.Debug|x86.ActiveCfg = Debug|Any CPU
		{4F265752-D0C3-408B-B26F-4A08BD13E24D}.Release|Any CPU.ActiveCfg = Release|Any CPU
		{4F265752-D0C3-408B-B26F-4A08BD13E24D}.Release|Any CPU.Build.0 = Release|Any CPU
		{4F265752-D0C3-408B-B26F-4A08BD13E24D}.Release|Mixed Platforms.ActiveCfg = Release|Any CPU
		{4F265752-D0C3-408B-B26F-4A08BD13E24D}.Release|Mixed Platforms.Build.0 = Release|Any CPU
		{4F265752-D0C3-408B-B26F-4A08BD13E24D}.Release|x64.ActiveCfg = Release|Any CPU
		{4F265752-D0C3-408B-B26F-4A08BD13E24D}.Release|x86.ActiveCfg = Release|Any CPU
		{2AFBA55D-3F2E-469F-B299-C8E47373EFC7}.Debug|Any CPU.ActiveCfg = Debug|Any CPU
		{2AFBA55D-3F2E-469F-B299-C8E47373EFC7}.Debug|Any CPU.Build.0 = Debug|Any CPU
		{2AFBA55D-3F2E-469F-B299-C8E47373EFC7}.Debug|Mixed Platforms.ActiveCfg = Debug|Any CPU
		{2AFBA55D-3F2E-469F-B299-C8E47373EFC7}.Debug|Mixed Platforms.Build.0 = Debug|Any CPU
		{2AFBA55D-3F2E-469F-B299-C8E47373EFC7}.Debug|x64.ActiveCfg = Debug|Any CPU
		{2AFBA55D-3F2E-469F-B299-C8E47373EFC7}.Debug|x86.ActiveCfg = Debug|Any CPU
		{2AFBA55D-3F2E-469F-B299-C8E47373EFC7}.Release|Any CPU.ActiveCfg = Release|Any CPU
		{2AFBA55D-3F2E-469F-B299-C8E47373EFC7}.Release|Any CPU.Build.0 = Release|Any CPU
		{2AFBA55D-3F2E-469F-B299-C8E47373EFC7}.Release|Mixed Platforms.ActiveCfg = Release|Any CPU
		{2AFBA55D-3F2E-469F-B299-C8E47373EFC7}.Release|Mixed Platforms.Build.0 = Release|Any CPU
		{2AFBA55D-3F2E-469F-B299-C8E47373EFC7}.Release|x64.ActiveCfg = Release|Any CPU
		{2AFBA55D-3F2E-469F-B299-C8E47373EFC7}.Release|x86.ActiveCfg = Release|Any CPU
		{0E46E2F1-3F41-4CB9-9E63-FBFD268B934E}.Debug|Any CPU.ActiveCfg = Debug|Any CPU
		{0E46E2F1-3F41-4CB9-9E63-FBFD268B934E}.Debug|Any CPU.Build.0 = Debug|Any CPU
		{0E46E2F1-3F41-4CB9-9E63-FBFD268B934E}.Debug|Mixed Platforms.ActiveCfg = Debug|Any CPU
		{0E46E2F1-3F41-4CB9-9E63-FBFD268B934E}.Debug|Mixed Platforms.Build.0 = Debug|Any CPU
		{0E46E2F1-3F41-4CB9-9E63-FBFD268B934E}.Debug|x64.ActiveCfg = Debug|Any CPU
		{0E46E2F1-3F41-4CB9-9E63-FBFD268B934E}.Debug|x86.ActiveCfg = Debug|Any CPU
		{0E46E2F1-3F41-4CB9-9E63-FBFD268B934E}.Release|Any CPU.ActiveCfg = Release|Any CPU
		{0E46E2F1-3F41-4CB9-9E63-FBFD268B934E}.Release|Any CPU.Build.0 = Release|Any CPU
		{0E46E2F1-3F41-4CB9-9E63-FBFD268B934E}.Release|Mixed Platforms.ActiveCfg = Release|Any CPU
		{0E46E2F1-3F41-4CB9-9E63-FBFD268B934E}.Release|Mixed Platforms.Build.0 = Release|Any CPU
		{0E46E2F1-3F41-4CB9-9E63-FBFD268B934E}.Release|x64.ActiveCfg = Release|Any CPU
		{0E46E2F1-3F41-4CB9-9E63-FBFD268B934E}.Release|x86.ActiveCfg = Release|Any CPU
		{0A642A08-707C-4937-975C-DC1B17667190}.Debug|Any CPU.ActiveCfg = Debug|Any CPU
		{0A642A08-707C-4937-975C-DC1B17667190}.Debug|Any CPU.Build.0 = Debug|Any CPU
		{0A642A08-707C-4937-975C-DC1B17667190}.Debug|Mixed Platforms.ActiveCfg = Debug|Any CPU
		{0A642A08-707C-4937-975C-DC1B17667190}.Debug|Mixed Platforms.Build.0 = Debug|Any CPU
		{0A642A08-707C-4937-975C-DC1B17667190}.Debug|x64.ActiveCfg = Debug|Any CPU
		{0A642A08-707C-4937-975C-DC1B17667190}.Debug|x86.ActiveCfg = Debug|Any CPU
		{0A642A08-707C-4937-975C-DC1B17667190}.Release|Any CPU.ActiveCfg = Release|Any CPU
		{0A642A08-707C-4937-975C-DC1B17667190}.Release|Any CPU.Build.0 = Release|Any CPU
		{0A642A08-707C-4937-975C-DC1B17667190}.Release|Mixed Platforms.ActiveCfg = Release|Any CPU
		{0A642A08-707C-4937-975C-DC1B17667190}.Release|Mixed Platforms.Build.0 = Release|Any CPU
		{0A642A08-707C-4937-975C-DC1B17667190}.Release|x64.ActiveCfg = Release|Any CPU
		{0A642A08-707C-4937-975C-DC1B17667190}.Release|x86.ActiveCfg = Release|Any CPU
	EndGlobalSection
	GlobalSection(SolutionProperties) = preSolution
		HideSolutionNode = FALSE
	EndGlobalSection
	GlobalSection(NestedProjects) = preSolution
		{0D6DAEE4-591C-475C-84B8-91326698926F} = {8E601E2F-1475-4FBC-AB21-E420D2C2BF64}
		{9FC59C48-CA2C-4FC8-8975-7E430AC2C5F0} = {8E601E2F-1475-4FBC-AB21-E420D2C2BF64}
		{74877D78-FE9B-4FAF-A9E5-5503D6021577} = {8E601E2F-1475-4FBC-AB21-E420D2C2BF64}
		{B131651F-BAE3-4A76-9B61-70D810852A69} = {8E601E2F-1475-4FBC-AB21-E420D2C2BF64}
		{61C7F3BE-15B1-4445-8367-90331C7F47FD} = {8E601E2F-1475-4FBC-AB21-E420D2C2BF64}
		{B6A1C81F-96BB-475E-908B-E9F0AE84AAB2} = {8E601E2F-1475-4FBC-AB21-E420D2C2BF64}
		{CE69E0EE-2E6C-4F3D-B29A-A9A82FB13D00} = {8E601E2F-1475-4FBC-AB21-E420D2C2BF64}
		{F6BEF88A-F790-4BC7-ACF1-5EAF0C211791} = {8E601E2F-1475-4FBC-AB21-E420D2C2BF64}
		{46F0DD56-49E3-47A6-84EF-9EAB44609CB0} = {8E601E2F-1475-4FBC-AB21-E420D2C2BF64}
		{4F265752-D0C3-408B-B26F-4A08BD13E24D} = {C97C7A42-DEF1-469A-9B57-C2DE42BCD133}
		{2AFBA55D-3F2E-469F-B299-C8E47373EFC7} = {C97C7A42-DEF1-469A-9B57-C2DE42BCD133}
		{0E46E2F1-3F41-4CB9-9E63-FBFD268B934E} = {C97C7A42-DEF1-469A-9B57-C2DE42BCD133}
		{0A642A08-707C-4937-975C-DC1B17667190} = {C97C7A42-DEF1-469A-9B57-C2DE42BCD133}
	EndGlobalSection
EndGlobal
