
Microsoft Visual Studio Solution File, Format Version 12.00
# Visual Studio 2013
VisualStudioVersion = 12.0.21005.1
MinimumVisualStudioVersion = 10.0.40219.1
Project("{FAE04EC0-301F-11D3-BF4B-00C04F79EFBC}") = "SDA_ExtensionBoxController", "SDA_ExtensionBoxController\SDA_ExtensionBoxController.csproj", "{420D3FAB-7A48-43ED-BED7-5E8288C90578}"
EndProject
Project("{FAE04EC0-301F-11D3-BF4B-00C04F79EFBC}") = "Agilent_ExtensionBox", "Agilent_ExtensionBox\Agilent_ExtensionBox.csproj", "{0D6DAEE4-591C-475C-84B8-91326698926F}"
EndProject
Project("{FAE04EC0-301F-11D3-BF4B-00C04F79EFBC}") = "Keithley2430", "Keithley2430\Keithley2430.csproj", "{9FC59C48-CA2C-4FC8-8975-7E430AC2C5F0}"
EndProject
Project("{FAE04EC0-301F-11D3-BF4B-00C04F79EFBC}") = "DeviceIO", "DeviceIO\DeviceIO.csproj", "{74877D78-FE9B-4FAF-A9E5-5503D6021577}"
EndProject
Project("{FAE04EC0-301F-11D3-BF4B-00C04F79EFBC}") = "Keithley24xx", "Keithley24xx\Keithley24xx.csproj", "{B131651F-BAE3-4A76-9B61-70D810852A69}"
EndProject
Project("{FAE04EC0-301F-11D3-BF4B-00C04F79EFBC}") = "Keithley26xx", "Keithley26xx\Keithley26xx.csproj", "{61C7F3BE-15B1-4445-8367-90331C7F47FD}"
EndProject
Project("{FAE04EC0-301F-11D3-BF4B-00C04F79EFBC}") = "MCS_Faulhaber", "MCS_Faulhaber\MCS_Faulhaber.csproj", "{B6A1C81F-96BB-475E-908B-E9F0AE84AAB2}"
EndProject
Project("{FAE04EC0-301F-11D3-BF4B-00C04F79EFBC}") = "SourceMeterUnit", "SourceMeterUnit\SourceMeterUnit.csproj", "{CE69E0EE-2E6C-4F3D-B29A-A9A82FB13D00}"
EndProject
Project("{FAE04EC0-301F-11D3-BF4B-00C04F79EFBC}") = "MotionManager", "MotionManager\MotionManager.csproj", "{F6BEF88A-F790-4BC7-ACF1-5EAF0C211791}"
EndProject
Project("{FAE04EC0-301F-11D3-BF4B-00C04F79EFBC}") = "ExperimentController", "ExperimentController\ExperimentController.csproj", "{811A09B5-6590-46AF-BFA6-6A1616FE3F51}"
EndProject
Project("{FAE04EC0-301F-11D3-BF4B-00C04F79EFBC}") = "MCBJ", "MCBJ\MCBJ.csproj", "{4AB62377-487B-44D0-8AC4-46BADD78C873}"
EndProject
Project("{FAE04EC0-301F-11D3-BF4B-00C04F79EFBC}") = "FileIOController", "FileIOController\FileIOController.csproj", "{DAD1749F-3633-45E8-BC7D-D56A63450F65}"
EndProject
Project("{FAE04EC0-301F-11D3-BF4B-00C04F79EFBC}") = "NoiseMeasurement", "NoiseMeasurement\NoiseMeasurement.csproj", "{9FDC67B7-A355-4D9D-83CD-187E9FE0D6E5}"
EndProject
Project("{FAE04EC0-301F-11D3-BF4B-00C04F79EFBC}") = "D3HighPerformanceODS", "D3HighPerformanceODS\D3HighPerformanceODS.csproj", "{CC2EC958-4F1F-4612-8FD8-5CB31AA1CFC5}"
EndProject
Global
	GlobalSection(SolutionConfigurationPlatforms) = preSolution
		Debug|Any CPU = Debug|Any CPU
		Debug|Mixed Platforms = Debug|Mixed Platforms
		Debug|x86 = Debug|x86
		Release|Any CPU = Release|Any CPU
		Release|Mixed Platforms = Release|Mixed Platforms
		Release|x86 = Release|x86
	EndGlobalSection
	GlobalSection(ProjectConfigurationPlatforms) = postSolution
		{420D3FAB-7A48-43ED-BED7-5E8288C90578}.Debug|Any CPU.ActiveCfg = Debug|Any CPU
		{420D3FAB-7A48-43ED-BED7-5E8288C90578}.Debug|Any CPU.Build.0 = Debug|Any CPU
		{420D3FAB-7A48-43ED-BED7-5E8288C90578}.Debug|Mixed Platforms.ActiveCfg = Debug|Any CPU
		{420D3FAB-7A48-43ED-BED7-5E8288C90578}.Debug|Mixed Platforms.Build.0 = Debug|Any CPU
		{420D3FAB-7A48-43ED-BED7-5E8288C90578}.Debug|x86.ActiveCfg = Debug|Any CPU
		{420D3FAB-7A48-43ED-BED7-5E8288C90578}.Debug|x86.Build.0 = Debug|Any CPU
		{420D3FAB-7A48-43ED-BED7-5E8288C90578}.Release|Any CPU.ActiveCfg = Release|Any CPU
		{420D3FAB-7A48-43ED-BED7-5E8288C90578}.Release|Any CPU.Build.0 = Release|Any CPU
		{420D3FAB-7A48-43ED-BED7-5E8288C90578}.Release|Mixed Platforms.ActiveCfg = Release|Any CPU
		{420D3FAB-7A48-43ED-BED7-5E8288C90578}.Release|Mixed Platforms.Build.0 = Release|Any CPU
		{420D3FAB-7A48-43ED-BED7-5E8288C90578}.Release|x86.ActiveCfg = Release|Any CPU
		{420D3FAB-7A48-43ED-BED7-5E8288C90578}.Release|x86.Build.0 = Release|Any CPU
		{0D6DAEE4-591C-475C-84B8-91326698926F}.Debug|Any CPU.ActiveCfg = Debug|Any CPU
		{0D6DAEE4-591C-475C-84B8-91326698926F}.Debug|Any CPU.Build.0 = Debug|Any CPU
		{0D6DAEE4-591C-475C-84B8-91326698926F}.Debug|Mixed Platforms.ActiveCfg = Debug|x86
		{0D6DAEE4-591C-475C-84B8-91326698926F}.Debug|Mixed Platforms.Build.0 = Debug|x86
		{0D6DAEE4-591C-475C-84B8-91326698926F}.Debug|x86.ActiveCfg = Debug|Any CPU
		{0D6DAEE4-591C-475C-84B8-91326698926F}.Debug|x86.Build.0 = Debug|Any CPU
		{0D6DAEE4-591C-475C-84B8-91326698926F}.Release|Any CPU.ActiveCfg = Release|x86
		{0D6DAEE4-591C-475C-84B8-91326698926F}.Release|Any CPU.Build.0 = Release|x86
		{0D6DAEE4-591C-475C-84B8-91326698926F}.Release|Mixed Platforms.ActiveCfg = Release|x86
		{0D6DAEE4-591C-475C-84B8-91326698926F}.Release|Mixed Platforms.Build.0 = Release|x86
		{0D6DAEE4-591C-475C-84B8-91326698926F}.Release|x86.ActiveCfg = Release|x86
		{0D6DAEE4-591C-475C-84B8-91326698926F}.Release|x86.Build.0 = Release|x86
		{9FC59C48-CA2C-4FC8-8975-7E430AC2C5F0}.Debug|Any CPU.ActiveCfg = Debug|Any CPU
		{9FC59C48-CA2C-4FC8-8975-7E430AC2C5F0}.Debug|Mixed Platforms.ActiveCfg = Debug|Any CPU
		{9FC59C48-CA2C-4FC8-8975-7E430AC2C5F0}.Debug|Mixed Platforms.Build.0 = Debug|Any CPU
		{9FC59C48-CA2C-4FC8-8975-7E430AC2C5F0}.Debug|x86.ActiveCfg = Debug|Any CPU
		{9FC59C48-CA2C-4FC8-8975-7E430AC2C5F0}.Release|Any CPU.ActiveCfg = Release|Any CPU
		{9FC59C48-CA2C-4FC8-8975-7E430AC2C5F0}.Release|Mixed Platforms.ActiveCfg = Release|Any CPU
		{9FC59C48-CA2C-4FC8-8975-7E430AC2C5F0}.Release|Mixed Platforms.Build.0 = Release|Any CPU
		{9FC59C48-CA2C-4FC8-8975-7E430AC2C5F0}.Release|x86.ActiveCfg = Release|Any CPU
		{74877D78-FE9B-4FAF-A9E5-5503D6021577}.Debug|Any CPU.ActiveCfg = Debug|Any CPU
		{74877D78-FE9B-4FAF-A9E5-5503D6021577}.Debug|Any CPU.Build.0 = Debug|Any CPU
		{74877D78-FE9B-4FAF-A9E5-5503D6021577}.Debug|Mixed Platforms.ActiveCfg = Debug|x86
		{74877D78-FE9B-4FAF-A9E5-5503D6021577}.Debug|Mixed Platforms.Build.0 = Debug|x86
		{74877D78-FE9B-4FAF-A9E5-5503D6021577}.Debug|x86.ActiveCfg = Debug|Any CPU
		{74877D78-FE9B-4FAF-A9E5-5503D6021577}.Debug|x86.Build.0 = Debug|Any CPU
		{74877D78-FE9B-4FAF-A9E5-5503D6021577}.Debug|x86.Deploy.0 = Debug|Any CPU
		{74877D78-FE9B-4FAF-A9E5-5503D6021577}.Release|Any CPU.ActiveCfg = Release|Any CPU
		{74877D78-FE9B-4FAF-A9E5-5503D6021577}.Release|Any CPU.Build.0 = Release|Any CPU
		{74877D78-FE9B-4FAF-A9E5-5503D6021577}.Release|Mixed Platforms.ActiveCfg = Release|x86
		{74877D78-FE9B-4FAF-A9E5-5503D6021577}.Release|Mixed Platforms.Build.0 = Release|x86
		{74877D78-FE9B-4FAF-A9E5-5503D6021577}.Release|x86.ActiveCfg = Release|x86
		{74877D78-FE9B-4FAF-A9E5-5503D6021577}.Release|x86.Build.0 = Release|x86
		{B131651F-BAE3-4A76-9B61-70D810852A69}.Debug|Any CPU.ActiveCfg = Debug|Any CPU
		{B131651F-BAE3-4A76-9B61-70D810852A69}.Debug|Any CPU.Build.0 = Debug|Any CPU
		{B131651F-BAE3-4A76-9B61-70D810852A69}.Debug|Mixed Platforms.ActiveCfg = Debug|Any CPU
		{B131651F-BAE3-4A76-9B61-70D810852A69}.Debug|Mixed Platforms.Build.0 = Debug|Any CPU
		{B131651F-BAE3-4A76-9B61-70D810852A69}.Debug|x86.ActiveCfg = Debug|Any CPU
		{B131651F-BAE3-4A76-9B61-70D810852A69}.Debug|x86.Build.0 = Debug|Any CPU
		{B131651F-BAE3-4A76-9B61-70D810852A69}.Release|Any CPU.ActiveCfg = Release|Any CPU
		{B131651F-BAE3-4A76-9B61-70D810852A69}.Release|Any CPU.Build.0 = Release|Any CPU
		{B131651F-BAE3-4A76-9B61-70D810852A69}.Release|Mixed Platforms.ActiveCfg = Release|Any CPU
		{B131651F-BAE3-4A76-9B61-70D810852A69}.Release|Mixed Platforms.Build.0 = Release|Any CPU
		{B131651F-BAE3-4A76-9B61-70D810852A69}.Release|x86.ActiveCfg = Release|Any CPU
		{B131651F-BAE3-4A76-9B61-70D810852A69}.Release|x86.Build.0 = Release|Any CPU
		{61C7F3BE-15B1-4445-8367-90331C7F47FD}.Debug|Any CPU.ActiveCfg = Debug|Any CPU
		{61C7F3BE-15B1-4445-8367-90331C7F47FD}.Debug|Any CPU.Build.0 = Debug|Any CPU
		{61C7F3BE-15B1-4445-8367-90331C7F47FD}.Debug|Mixed Platforms.ActiveCfg = Debug|Any CPU
		{61C7F3BE-15B1-4445-8367-90331C7F47FD}.Debug|Mixed Platforms.Build.0 = Debug|Any CPU
		{61C7F3BE-15B1-4445-8367-90331C7F47FD}.Debug|x86.ActiveCfg = Debug|Any CPU
		{61C7F3BE-15B1-4445-8367-90331C7F47FD}.Debug|x86.Build.0 = Debug|Any CPU
		{61C7F3BE-15B1-4445-8367-90331C7F47FD}.Release|Any CPU.ActiveCfg = Release|Any CPU
		{61C7F3BE-15B1-4445-8367-90331C7F47FD}.Release|Any CPU.Build.0 = Release|Any CPU
		{61C7F3BE-15B1-4445-8367-90331C7F47FD}.Release|Mixed Platforms.ActiveCfg = Release|Any CPU
		{61C7F3BE-15B1-4445-8367-90331C7F47FD}.Release|Mixed Platforms.Build.0 = Release|Any CPU
		{61C7F3BE-15B1-4445-8367-90331C7F47FD}.Release|x86.ActiveCfg = Release|Any CPU
		{61C7F3BE-15B1-4445-8367-90331C7F47FD}.Release|x86.Build.0 = Release|Any CPU
		{B6A1C81F-96BB-475E-908B-E9F0AE84AAB2}.Debug|Any CPU.ActiveCfg = Debug|Any CPU
		{B6A1C81F-96BB-475E-908B-E9F0AE84AAB2}.Debug|Any CPU.Build.0 = Debug|Any CPU
		{B6A1C81F-96BB-475E-908B-E9F0AE84AAB2}.Debug|Mixed Platforms.ActiveCfg = Debug|Any CPU
		{B6A1C81F-96BB-475E-908B-E9F0AE84AAB2}.Debug|Mixed Platforms.Build.0 = Debug|Any CPU
		{B6A1C81F-96BB-475E-908B-E9F0AE84AAB2}.Debug|x86.ActiveCfg = Debug|Any CPU
		{B6A1C81F-96BB-475E-908B-E9F0AE84AAB2}.Debug|x86.Build.0 = Debug|Any CPU
		{B6A1C81F-96BB-475E-908B-E9F0AE84AAB2}.Release|Any CPU.ActiveCfg = Release|Any CPU
		{B6A1C81F-96BB-475E-908B-E9F0AE84AAB2}.Release|Any CPU.Build.0 = Release|Any CPU
		{B6A1C81F-96BB-475E-908B-E9F0AE84AAB2}.Release|Mixed Platforms.ActiveCfg = Release|Any CPU
		{B6A1C81F-96BB-475E-908B-E9F0AE84AAB2}.Release|Mixed Platforms.Build.0 = Release|Any CPU
		{B6A1C81F-96BB-475E-908B-E9F0AE84AAB2}.Release|x86.ActiveCfg = Release|Any CPU
		{B6A1C81F-96BB-475E-908B-E9F0AE84AAB2}.Release|x86.Build.0 = Release|Any CPU
		{CE69E0EE-2E6C-4F3D-B29A-A9A82FB13D00}.Debug|Any CPU.ActiveCfg = Debug|Any CPU
		{CE69E0EE-2E6C-4F3D-B29A-A9A82FB13D00}.Debug|Any CPU.Build.0 = Debug|Any CPU
		{CE69E0EE-2E6C-4F3D-B29A-A9A82FB13D00}.Debug|Mixed Platforms.ActiveCfg = Debug|Any CPU
		{CE69E0EE-2E6C-4F3D-B29A-A9A82FB13D00}.Debug|Mixed Platforms.Build.0 = Debug|Any CPU
		{CE69E0EE-2E6C-4F3D-B29A-A9A82FB13D00}.Debug|x86.ActiveCfg = Debug|Any CPU
		{CE69E0EE-2E6C-4F3D-B29A-A9A82FB13D00}.Debug|x86.Build.0 = Debug|Any CPU
		{CE69E0EE-2E6C-4F3D-B29A-A9A82FB13D00}.Release|Any CPU.ActiveCfg = Release|Any CPU
		{CE69E0EE-2E6C-4F3D-B29A-A9A82FB13D00}.Release|Any CPU.Build.0 = Release|Any CPU
		{CE69E0EE-2E6C-4F3D-B29A-A9A82FB13D00}.Release|Mixed Platforms.ActiveCfg = Release|Any CPU
		{CE69E0EE-2E6C-4F3D-B29A-A9A82FB13D00}.Release|Mixed Platforms.Build.0 = Release|Any CPU
		{CE69E0EE-2E6C-4F3D-B29A-A9A82FB13D00}.Release|x86.ActiveCfg = Release|Any CPU
		{CE69E0EE-2E6C-4F3D-B29A-A9A82FB13D00}.Release|x86.Build.0 = Release|Any CPU
		{F6BEF88A-F790-4BC7-ACF1-5EAF0C211791}.Debug|Any CPU.ActiveCfg = Debug|Any CPU
		{F6BEF88A-F790-4BC7-ACF1-5EAF0C211791}.Debug|Any CPU.Build.0 = Debug|Any CPU
		{F6BEF88A-F790-4BC7-ACF1-5EAF0C211791}.Debug|Mixed Platforms.ActiveCfg = Debug|Any CPU
		{F6BEF88A-F790-4BC7-ACF1-5EAF0C211791}.Debug|Mixed Platforms.Build.0 = Debug|Any CPU
		{F6BEF88A-F790-4BC7-ACF1-5EAF0C211791}.Debug|x86.ActiveCfg = Debug|Any CPU
		{F6BEF88A-F790-4BC7-ACF1-5EAF0C211791}.Debug|x86.Build.0 = Debug|Any CPU
		{F6BEF88A-F790-4BC7-ACF1-5EAF0C211791}.Release|Any CPU.ActiveCfg = Release|Any CPU
		{F6BEF88A-F790-4BC7-ACF1-5EAF0C211791}.Release|Any CPU.Build.0 = Release|Any CPU
		{F6BEF88A-F790-4BC7-ACF1-5EAF0C211791}.Release|Mixed Platforms.ActiveCfg = Release|Any CPU
		{F6BEF88A-F790-4BC7-ACF1-5EAF0C211791}.Release|Mixed Platforms.Build.0 = Release|Any CPU
		{F6BEF88A-F790-4BC7-ACF1-5EAF0C211791}.Release|x86.ActiveCfg = Release|Any CPU
		{F6BEF88A-F790-4BC7-ACF1-5EAF0C211791}.Release|x86.Build.0 = Release|Any CPU
		{811A09B5-6590-46AF-BFA6-6A1616FE3F51}.Debug|Any CPU.ActiveCfg = Debug|Any CPU
		{811A09B5-6590-46AF-BFA6-6A1616FE3F51}.Debug|Any CPU.Build.0 = Debug|Any CPU
		{811A09B5-6590-46AF-BFA6-6A1616FE3F51}.Debug|Mixed Platforms.ActiveCfg = Debug|x86
		{811A09B5-6590-46AF-BFA6-6A1616FE3F51}.Debug|Mixed Platforms.Build.0 = Debug|x86
		{811A09B5-6590-46AF-BFA6-6A1616FE3F51}.Debug|x86.ActiveCfg = Debug|Any CPU
		{811A09B5-6590-46AF-BFA6-6A1616FE3F51}.Release|Any CPU.ActiveCfg = Release|Any CPU
		{811A09B5-6590-46AF-BFA6-6A1616FE3F51}.Release|Any CPU.Build.0 = Release|Any CPU
		{811A09B5-6590-46AF-BFA6-6A1616FE3F51}.Release|Mixed Platforms.ActiveCfg = Release|x86
		{811A09B5-6590-46AF-BFA6-6A1616FE3F51}.Release|Mixed Platforms.Build.0 = Release|x86
		{811A09B5-6590-46AF-BFA6-6A1616FE3F51}.Release|x86.ActiveCfg = Release|x86
		{811A09B5-6590-46AF-BFA6-6A1616FE3F51}.Release|x86.Build.0 = Release|x86
		{4AB62377-487B-44D0-8AC4-46BADD78C873}.Debug|Any CPU.ActiveCfg = Debug|Any CPU
		{4AB62377-487B-44D0-8AC4-46BADD78C873}.Debug|Any CPU.Build.0 = Debug|Any CPU
		{4AB62377-487B-44D0-8AC4-46BADD78C873}.Debug|Mixed Platforms.ActiveCfg = Debug|Any CPU
		{4AB62377-487B-44D0-8AC4-46BADD78C873}.Debug|Mixed Platforms.Build.0 = Debug|Any CPU
		{4AB62377-487B-44D0-8AC4-46BADD78C873}.Debug|x86.ActiveCfg = Debug|Any CPU
		{4AB62377-487B-44D0-8AC4-46BADD78C873}.Release|Any CPU.ActiveCfg = Release|Any CPU
		{4AB62377-487B-44D0-8AC4-46BADD78C873}.Release|Any CPU.Build.0 = Release|Any CPU
		{4AB62377-487B-44D0-8AC4-46BADD78C873}.Release|Mixed Platforms.ActiveCfg = Release|Any CPU
		{4AB62377-487B-44D0-8AC4-46BADD78C873}.Release|Mixed Platforms.Build.0 = Release|Any CPU
		{4AB62377-487B-44D0-8AC4-46BADD78C873}.Release|x86.ActiveCfg = Release|Any CPU
		{4AB62377-487B-44D0-8AC4-46BADD78C873}.Release|x86.Build.0 = Release|Any CPU
		{DAD1749F-3633-45E8-BC7D-D56A63450F65}.Debug|Any CPU.ActiveCfg = Debug|Any CPU
		{DAD1749F-3633-45E8-BC7D-D56A63450F65}.Debug|Any CPU.Build.0 = Debug|Any CPU
		{DAD1749F-3633-45E8-BC7D-D56A63450F65}.Debug|Mixed Platforms.ActiveCfg = Debug|Any CPU
		{DAD1749F-3633-45E8-BC7D-D56A63450F65}.Debug|Mixed Platforms.Build.0 = Debug|Any CPU
		{DAD1749F-3633-45E8-BC7D-D56A63450F65}.Debug|x86.ActiveCfg = Debug|Any CPU
		{DAD1749F-3633-45E8-BC7D-D56A63450F65}.Release|Any CPU.ActiveCfg = Release|Any CPU
		{DAD1749F-3633-45E8-BC7D-D56A63450F65}.Release|Any CPU.Build.0 = Release|Any CPU
		{DAD1749F-3633-45E8-BC7D-D56A63450F65}.Release|Mixed Platforms.ActiveCfg = Release|Any CPU
		{DAD1749F-3633-45E8-BC7D-D56A63450F65}.Release|Mixed Platforms.Build.0 = Release|Any CPU
		{DAD1749F-3633-45E8-BC7D-D56A63450F65}.Release|x86.ActiveCfg = Release|Any CPU
		{DAD1749F-3633-45E8-BC7D-D56A63450F65}.Release|x86.Build.0 = Release|Any CPU
		{9FDC67B7-A355-4D9D-83CD-187E9FE0D6E5}.Debug|Any CPU.ActiveCfg = Debug|Any CPU
		{9FDC67B7-A355-4D9D-83CD-187E9FE0D6E5}.Debug|Any CPU.Build.0 = Debug|Any CPU
		{9FDC67B7-A355-4D9D-83CD-187E9FE0D6E5}.Debug|Mixed Platforms.ActiveCfg = Debug|x86
		{9FDC67B7-A355-4D9D-83CD-187E9FE0D6E5}.Debug|Mixed Platforms.Build.0 = Debug|x86
		{9FDC67B7-A355-4D9D-83CD-187E9FE0D6E5}.Debug|x86.ActiveCfg = Debug|Any CPU
		{9FDC67B7-A355-4D9D-83CD-187E9FE0D6E5}.Release|Any CPU.ActiveCfg = Release|Any CPU
		{9FDC67B7-A355-4D9D-83CD-187E9FE0D6E5}.Release|Any CPU.Build.0 = Release|Any CPU
		{9FDC67B7-A355-4D9D-83CD-187E9FE0D6E5}.Release|Mixed Platforms.ActiveCfg = Release|x86
		{9FDC67B7-A355-4D9D-83CD-187E9FE0D6E5}.Release|Mixed Platforms.Build.0 = Release|x86
		{9FDC67B7-A355-4D9D-83CD-187E9FE0D6E5}.Release|x86.ActiveCfg = Release|x86
		{9FDC67B7-A355-4D9D-83CD-187E9FE0D6E5}.Release|x86.Build.0 = Release|x86
		{CC2EC958-4F1F-4612-8FD8-5CB31AA1CFC5}.Debug|Any CPU.ActiveCfg = Debug|Any CPU
		{CC2EC958-4F1F-4612-8FD8-5CB31AA1CFC5}.Debug|Any CPU.Build.0 = Debug|Any CPU
		{CC2EC958-4F1F-4612-8FD8-5CB31AA1CFC5}.Debug|Mixed Platforms.ActiveCfg = Debug|Any CPU
		{CC2EC958-4F1F-4612-8FD8-5CB31AA1CFC5}.Debug|Mixed Platforms.Build.0 = Debug|Any CPU
		{CC2EC958-4F1F-4612-8FD8-5CB31AA1CFC5}.Debug|x86.ActiveCfg = Debug|Any CPU
		{CC2EC958-4F1F-4612-8FD8-5CB31AA1CFC5}.Release|Any CPU.ActiveCfg = Release|Any CPU
		{CC2EC958-4F1F-4612-8FD8-5CB31AA1CFC5}.Release|Any CPU.Build.0 = Release|Any CPU
		{CC2EC958-4F1F-4612-8FD8-5CB31AA1CFC5}.Release|Mixed Platforms.ActiveCfg = Release|Any CPU
		{CC2EC958-4F1F-4612-8FD8-5CB31AA1CFC5}.Release|Mixed Platforms.Build.0 = Release|Any CPU
		{CC2EC958-4F1F-4612-8FD8-5CB31AA1CFC5}.Release|x86.ActiveCfg = Release|Any CPU
	EndGlobalSection
	GlobalSection(SolutionProperties) = preSolution
		HideSolutionNode = FALSE
	EndGlobalSection
EndGlobal
