
Microsoft Visual Studio Solution File, Format Version 12.00
# Visual Studio 2013
VisualStudioVersion = 12.0.21005.1
MinimumVisualStudioVersion = 10.0.40219.1
Project("{FAE04EC0-301F-11D3-BF4B-00C04F79EFBC}") = "SDA_ExtensionBoxController", "SDA_ExtensionBoxController\SDA_ExtensionBoxController.csproj", "{420D3FAB-7A48-43ED-BED7-5E8288C90578}"
EndProject
Project("{FAE04EC0-301F-11D3-BF4B-00C04F79EFBC}") = "Agilent_ExtensionBox", "Agilent_ExtensionBox\Agilent_ExtensionBox.csproj", "{0D6DAEE4-591C-475C-84B8-91326698926F}"
EndProject
Project("{FAE04EC0-301F-11D3-BF4B-00C04F79EFBC}") = "Keithley2430", "Keithley2430\Keithley2430.csproj", "{9FC59C48-CA2C-4FC8-8975-7E430AC2C5F0}"
EndProject
Project("{FAE04EC0-301F-11D3-BF4B-00C04F79EFBC}") = "DeviceIO", "DeviceIO\DeviceIO.csproj", "{74877D78-FE9B-4FAF-A9E5-5503D6021577}"
EndProject
Project("{FAE04EC0-301F-11D3-BF4B-00C04F79EFBC}") = "Keithley24xx", "Keithley24xx\Keithley24xx.csproj", "{B131651F-BAE3-4A76-9B61-70D810852A69}"
EndProject
Project("{FAE04EC0-301F-11D3-BF4B-00C04F79EFBC}") = "Keithley26xx", "Keithley26xx\Keithley26xx.csproj", "{61C7F3BE-15B1-4445-8367-90331C7F47FD}"
EndProject
Project("{FAE04EC0-301F-11D3-BF4B-00C04F79EFBC}") = "MCBJ Experiment Controller", "MCBJ Experiment Controller\MCBJ Experiment Controller.csproj", "{61B802EB-8585-4927-80AF-A1AD9579CA38}"
EndProject
Project("{FAE04EC0-301F-11D3-BF4B-00C04F79EFBC}") = "SMU", "SMU\SMU.csproj", "{ED72605B-7901-47AA-B6AA-85A8A3883382}"
EndProject
Project("{FAE04EC0-301F-11D3-BF4B-00C04F79EFBC}") = "MotionController", "MotionController\MotionController.csproj", "{876F9DF1-A5FE-42F1-9F77-BA0F1FB27662}"
EndProject
Project("{FAE04EC0-301F-11D3-BF4B-00C04F79EFBC}") = "FaulhaberSA2036U012V", "FaulhaberSA2036U012V\FaulhaberSA2036U012V.csproj", "{947BFD01-058A-499E-ADAB-639AB59CF0D0}"
EndProject
Project("{FAE04EC0-301F-11D3-BF4B-00C04F79EFBC}") = "Measurements", "Measurements\Measurements.csproj", "{A22DC027-B650-4989-AFF6-A30EAE1D3594}"
EndProject
Global
	GlobalSection(SolutionConfigurationPlatforms) = preSolution
		Debug|Any CPU = Debug|Any CPU
		Release|Any CPU = Release|Any CPU
	EndGlobalSection
	GlobalSection(ProjectConfigurationPlatforms) = postSolution
		{420D3FAB-7A48-43ED-BED7-5E8288C90578}.Debug|Any CPU.ActiveCfg = Debug|Any CPU
		{420D3FAB-7A48-43ED-BED7-5E8288C90578}.Debug|Any CPU.Build.0 = Debug|Any CPU
		{420D3FAB-7A48-43ED-BED7-5E8288C90578}.Release|Any CPU.ActiveCfg = Release|Any CPU
		{420D3FAB-7A48-43ED-BED7-5E8288C90578}.Release|Any CPU.Build.0 = Release|Any CPU
		{0D6DAEE4-591C-475C-84B8-91326698926F}.Debug|Any CPU.ActiveCfg = Debug|Any CPU
		{0D6DAEE4-591C-475C-84B8-91326698926F}.Debug|Any CPU.Build.0 = Debug|Any CPU
		{0D6DAEE4-591C-475C-84B8-91326698926F}.Release|Any CPU.ActiveCfg = Release|Any CPU
		{0D6DAEE4-591C-475C-84B8-91326698926F}.Release|Any CPU.Build.0 = Release|Any CPU
		{9FC59C48-CA2C-4FC8-8975-7E430AC2C5F0}.Debug|Any CPU.ActiveCfg = Debug|Any CPU
		{9FC59C48-CA2C-4FC8-8975-7E430AC2C5F0}.Release|Any CPU.ActiveCfg = Release|Any CPU
		{74877D78-FE9B-4FAF-A9E5-5503D6021577}.Debug|Any CPU.ActiveCfg = Debug|Any CPU
		{74877D78-FE9B-4FAF-A9E5-5503D6021577}.Debug|Any CPU.Build.0 = Debug|Any CPU
		{74877D78-FE9B-4FAF-A9E5-5503D6021577}.Release|Any CPU.ActiveCfg = Release|Any CPU
		{74877D78-FE9B-4FAF-A9E5-5503D6021577}.Release|Any CPU.Build.0 = Release|Any CPU
		{B131651F-BAE3-4A76-9B61-70D810852A69}.Debug|Any CPU.ActiveCfg = Debug|Any CPU
		{B131651F-BAE3-4A76-9B61-70D810852A69}.Debug|Any CPU.Build.0 = Debug|Any CPU
		{B131651F-BAE3-4A76-9B61-70D810852A69}.Release|Any CPU.ActiveCfg = Release|Any CPU
		{B131651F-BAE3-4A76-9B61-70D810852A69}.Release|Any CPU.Build.0 = Release|Any CPU
		{61C7F3BE-15B1-4445-8367-90331C7F47FD}.Debug|Any CPU.ActiveCfg = Debug|Any CPU
		{61C7F3BE-15B1-4445-8367-90331C7F47FD}.Debug|Any CPU.Build.0 = Debug|Any CPU
		{61C7F3BE-15B1-4445-8367-90331C7F47FD}.Release|Any CPU.ActiveCfg = Release|Any CPU
		{61C7F3BE-15B1-4445-8367-90331C7F47FD}.Release|Any CPU.Build.0 = Release|Any CPU
		{61B802EB-8585-4927-80AF-A1AD9579CA38}.Debug|Any CPU.ActiveCfg = Debug|Any CPU
		{61B802EB-8585-4927-80AF-A1AD9579CA38}.Debug|Any CPU.Build.0 = Debug|Any CPU
		{61B802EB-8585-4927-80AF-A1AD9579CA38}.Release|Any CPU.ActiveCfg = Release|Any CPU
		{61B802EB-8585-4927-80AF-A1AD9579CA38}.Release|Any CPU.Build.0 = Release|Any CPU
		{ED72605B-7901-47AA-B6AA-85A8A3883382}.Debug|Any CPU.ActiveCfg = Debug|Any CPU
		{ED72605B-7901-47AA-B6AA-85A8A3883382}.Debug|Any CPU.Build.0 = Debug|Any CPU
		{ED72605B-7901-47AA-B6AA-85A8A3883382}.Release|Any CPU.ActiveCfg = Release|Any CPU
		{ED72605B-7901-47AA-B6AA-85A8A3883382}.Release|Any CPU.Build.0 = Release|Any CPU
		{876F9DF1-A5FE-42F1-9F77-BA0F1FB27662}.Debug|Any CPU.ActiveCfg = Debug|Any CPU
		{876F9DF1-A5FE-42F1-9F77-BA0F1FB27662}.Debug|Any CPU.Build.0 = Debug|Any CPU
		{876F9DF1-A5FE-42F1-9F77-BA0F1FB27662}.Release|Any CPU.ActiveCfg = Release|Any CPU
		{876F9DF1-A5FE-42F1-9F77-BA0F1FB27662}.Release|Any CPU.Build.0 = Release|Any CPU
		{947BFD01-058A-499E-ADAB-639AB59CF0D0}.Debug|Any CPU.ActiveCfg = Debug|Any CPU
		{947BFD01-058A-499E-ADAB-639AB59CF0D0}.Debug|Any CPU.Build.0 = Debug|Any CPU
		{947BFD01-058A-499E-ADAB-639AB59CF0D0}.Release|Any CPU.ActiveCfg = Release|Any CPU
		{947BFD01-058A-499E-ADAB-639AB59CF0D0}.Release|Any CPU.Build.0 = Release|Any CPU
		{A22DC027-B650-4989-AFF6-A30EAE1D3594}.Debug|Any CPU.ActiveCfg = Debug|Any CPU
		{A22DC027-B650-4989-AFF6-A30EAE1D3594}.Debug|Any CPU.Build.0 = Debug|Any CPU
		{A22DC027-B650-4989-AFF6-A30EAE1D3594}.Release|Any CPU.ActiveCfg = Release|Any CPU
		{A22DC027-B650-4989-AFF6-A30EAE1D3594}.Release|Any CPU.Build.0 = Release|Any CPU
	EndGlobalSection
	GlobalSection(SolutionProperties) = preSolution
		HideSolutionNode = FALSE
	EndGlobalSection
EndGlobal
